// !$*UTF8*$!
{
	archiveVersion = 1;
	classes = {
	};
	objectVersion = 50;
	objects = {

/* Begin PBXBuildFile section */
		39D2F8CE8674864A650BF211 /* Pods_Air_Defence.framework in Frameworks */ = {isa = PBXBuildFile; fileRef = 05EA919CF87E3FBDE5490256 /* Pods_Air_Defence.framework */; };
		3FAEB19F20CC88CC00F0EE9B /* Sounds in Resources */ = {isa = PBXBuildFile; fileRef = 3FAEB19E20CC88CC00F0EE9B /* Sounds */; };
		3FB42D9720CC2E1C00E3AE01 /* Projectile.swift in Sources */ = {isa = PBXBuildFile; fileRef = 3FB42D9620CC2E1C00E3AE01 /* Projectile.swift */; };
		3FB42D9920CC30A700E3AE01 /* Entity.swift in Sources */ = {isa = PBXBuildFile; fileRef = 3FB42D9820CC30A700E3AE01 /* Entity.swift */; };
		3FC1400F20CAF8D5009D6196 /* AppDelegate.swift in Sources */ = {isa = PBXBuildFile; fileRef = 3FC1400E20CAF8D5009D6196 /* AppDelegate.swift */; };
		3FC1401120CAF8D5009D6196 /* art.scnassets in Resources */ = {isa = PBXBuildFile; fileRef = 3FC1401020CAF8D5009D6196 /* art.scnassets */; };
		3FC1401320CAF8D5009D6196 /* ViewController.swift in Sources */ = {isa = PBXBuildFile; fileRef = 3FC1401220CAF8D5009D6196 /* ViewController.swift */; };
		3FC1401620CAF8D5009D6196 /* Main.storyboard in Resources */ = {isa = PBXBuildFile; fileRef = 3FC1401420CAF8D5009D6196 /* Main.storyboard */; };
		3FC1401820CAF8D6009D6196 /* Assets.xcassets in Resources */ = {isa = PBXBuildFile; fileRef = 3FC1401720CAF8D6009D6196 /* Assets.xcassets */; };
		3FC1401B20CAF8D6009D6196 /* LaunchScreen.storyboard in Resources */ = {isa = PBXBuildFile; fileRef = 3FC1401920CAF8D6009D6196 /* LaunchScreen.storyboard */; };
		3FC1402520CB06F0009D6196 /* EnemyShip.swift in Sources */ = {isa = PBXBuildFile; fileRef = 3FC1402420CB06F0009D6196 /* EnemyShip.swift */; };
		3FF43BF220D01DFD00EA2D55 /* Flare.swift in Sources */ = {isa = PBXBuildFile; fileRef = 3FF43BF120D01DFC00EA2D55 /* Flare.swift */; };
		B60261E520CEA1C000FBA070 /* sight.png in Resources */ = {isa = PBXBuildFile; fileRef = B60261E420CEA1C000FBA070 /* sight.png */; };
		CE3B2E1620CE646100A5BF0C /* OverlayScene.swift in Sources */ = {isa = PBXBuildFile; fileRef = CE3B2E1520CE646100A5BF0C /* OverlayScene.swift */; };
		CE3B2E1820CE6DC600A5BF0C /* GoogleService-Info.plist in Resources */ = {isa = PBXBuildFile; fileRef = CE3B2E1720CE6DC600A5BF0C /* GoogleService-Info.plist */; };
		CEFAB39020D034A000B88DF3 /* RankTableViewController.swift in Sources */ = {isa = PBXBuildFile; fileRef = CEFAB38F20D034A000B88DF3 /* RankTableViewController.swift */; };
		CEFAB39420D0491100B88DF3 /* UserViewController.swift in Sources */ = {isa = PBXBuildFile; fileRef = CEFAB39320D0491100B88DF3 /* UserViewController.swift */; };
/* End PBXBuildFile section */

/* Begin PBXFileReference section */
		05EA919CF87E3FBDE5490256 /* Pods_Air_Defence.framework */ = {isa = PBXFileReference; explicitFileType = wrapper.framework; includeInIndex = 0; path = Pods_Air_Defence.framework; sourceTree = BUILT_PRODUCTS_DIR; };
		3FAEB19E20CC88CC00F0EE9B /* Sounds */ = {isa = PBXFileReference; lastKnownFileType = folder; path = Sounds; sourceTree = "<group>"; };
		3FB42D9620CC2E1C00E3AE01 /* Projectile.swift */ = {isa = PBXFileReference; lastKnownFileType = sourcecode.swift; path = Projectile.swift; sourceTree = "<group>"; };
		3FB42D9820CC30A700E3AE01 /* Entity.swift */ = {isa = PBXFileReference; lastKnownFileType = sourcecode.swift; path = Entity.swift; sourceTree = "<group>"; };
		3FC1400B20CAF8D5009D6196 /* Air Defence.app */ = {isa = PBXFileReference; explicitFileType = wrapper.application; includeInIndex = 0; path = "Air Defence.app"; sourceTree = BUILT_PRODUCTS_DIR; };
		3FC1400E20CAF8D5009D6196 /* AppDelegate.swift */ = {isa = PBXFileReference; lastKnownFileType = sourcecode.swift; path = AppDelegate.swift; sourceTree = "<group>"; };
		3FC1401020CAF8D5009D6196 /* art.scnassets */ = {isa = PBXFileReference; lastKnownFileType = wrapper.scnassets; path = art.scnassets; sourceTree = "<group>"; };
		3FC1401220CAF8D5009D6196 /* ViewController.swift */ = {isa = PBXFileReference; lastKnownFileType = sourcecode.swift; path = ViewController.swift; sourceTree = "<group>"; };
		3FC1401520CAF8D5009D6196 /* Base */ = {isa = PBXFileReference; lastKnownFileType = file.storyboard; name = Base; path = Base.lproj/Main.storyboard; sourceTree = "<group>"; };
		3FC1401720CAF8D6009D6196 /* Assets.xcassets */ = {isa = PBXFileReference; lastKnownFileType = folder.assetcatalog; path = Assets.xcassets; sourceTree = "<group>"; };
		3FC1401A20CAF8D6009D6196 /* Base */ = {isa = PBXFileReference; lastKnownFileType = file.storyboard; name = Base; path = Base.lproj/LaunchScreen.storyboard; sourceTree = "<group>"; };
		3FC1401C20CAF8D6009D6196 /* Info.plist */ = {isa = PBXFileReference; lastKnownFileType = text.plist.xml; path = Info.plist; sourceTree = "<group>"; };
		3FC1402420CB06F0009D6196 /* EnemyShip.swift */ = {isa = PBXFileReference; fileEncoding = 4; lastKnownFileType = sourcecode.swift; path = EnemyShip.swift; sourceTree = "<group>"; };
		3FF43BF120D01DFC00EA2D55 /* Flare.swift */ = {isa = PBXFileReference; lastKnownFileType = sourcecode.swift; path = Flare.swift; sourceTree = "<group>"; };
		7DDCDD8003BBA1F89E598DE1 /* Pods-Air Defence.release.xcconfig */ = {isa = PBXFileReference; includeInIndex = 1; lastKnownFileType = text.xcconfig; name = "Pods-Air Defence.release.xcconfig"; path = "Pods/Target Support Files/Pods-Air Defence/Pods-Air Defence.release.xcconfig"; sourceTree = "<group>"; };
		B60261E420CEA1C000FBA070 /* sight.png */ = {isa = PBXFileReference; lastKnownFileType = image.png; path = sight.png; sourceTree = "<group>"; };
		C3F8FB64A38D5026FB8112AB /* Pods-Air Defence.debug.xcconfig */ = {isa = PBXFileReference; includeInIndex = 1; lastKnownFileType = text.xcconfig; name = "Pods-Air Defence.debug.xcconfig"; path = "Pods/Target Support Files/Pods-Air Defence/Pods-Air Defence.debug.xcconfig"; sourceTree = "<group>"; };
		CE3B2E1520CE646100A5BF0C /* OverlayScene.swift */ = {isa = PBXFileReference; lastKnownFileType = sourcecode.swift; path = OverlayScene.swift; sourceTree = "<group>"; };
		CE3B2E1720CE6DC600A5BF0C /* GoogleService-Info.plist */ = {isa = PBXFileReference; fileEncoding = 4; lastKnownFileType = text.plist.xml; path = "GoogleService-Info.plist"; sourceTree = "<group>"; };
		CEFAB38F20D034A000B88DF3 /* RankTableViewController.swift */ = {isa = PBXFileReference; fileEncoding = 4; lastKnownFileType = sourcecode.swift; path = RankTableViewController.swift; sourceTree = "<group>"; };
		CEFAB39320D0491100B88DF3 /* UserViewController.swift */ = {isa = PBXFileReference; lastKnownFileType = sourcecode.swift; path = UserViewController.swift; sourceTree = "<group>"; };
/* End PBXFileReference section */

/* Begin PBXFrameworksBuildPhase section */
		3FC1400820CAF8D5009D6196 /* Frameworks */ = {
			isa = PBXFrameworksBuildPhase;
			buildActionMask = 2147483647;
			files = (
				39D2F8CE8674864A650BF211 /* Pods_Air_Defence.framework in Frameworks */,
			);
			runOnlyForDeploymentPostprocessing = 0;
		};
/* End PBXFrameworksBuildPhase section */

/* Begin PBXGroup section */
		245BB0E669E2E3A8924851E1 /* Frameworks */ = {
			isa = PBXGroup;
			children = (
				05EA919CF87E3FBDE5490256 /* Pods_Air_Defence.framework */,
			);
			name = Frameworks;
			sourceTree = "<group>";
		};
		3DC8C30C36482FEE9CED0987 /* Pods */ = {
			isa = PBXGroup;
			children = (
				C3F8FB64A38D5026FB8112AB /* Pods-Air Defence.debug.xcconfig */,
				7DDCDD8003BBA1F89E598DE1 /* Pods-Air Defence.release.xcconfig */,
			);
			name = Pods;
			sourceTree = "<group>";
		};
		3FC1400220CAF8D5009D6196 = {
			isa = PBXGroup;
			children = (
				3FC1400D20CAF8D5009D6196 /* Air Defence */,
				3FC1400C20CAF8D5009D6196 /* Products */,
				3DC8C30C36482FEE9CED0987 /* Pods */,
				245BB0E669E2E3A8924851E1 /* Frameworks */,
			);
			sourceTree = "<group>";
		};
		3FC1400C20CAF8D5009D6196 /* Products */ = {
			isa = PBXGroup;
			children = (
				3FC1400B20CAF8D5009D6196 /* Air Defence.app */,
			);
			name = Products;
			sourceTree = "<group>";
		};
		3FC1400D20CAF8D5009D6196 /* Air Defence */ = {
			isa = PBXGroup;
			children = (
				3FAEB19E20CC88CC00F0EE9B /* Sounds */,
				3FC1400E20CAF8D5009D6196 /* AppDelegate.swift */,
				3FC1401020CAF8D5009D6196 /* art.scnassets */,
				3FC1402420CB06F0009D6196 /* EnemyShip.swift */,
				3FB42D9820CC30A700E3AE01 /* Entity.swift */,
				3FF43BF120D01DFC00EA2D55 /* Flare.swift */,
				3FB42D9620CC2E1C00E3AE01 /* Projectile.swift */,
				3FC1401220CAF8D5009D6196 /* ViewController.swift */,
				CEFAB38F20D034A000B88DF3 /* RankTableViewController.swift */,
				CE3B2E1520CE646100A5BF0C /* OverlayScene.swift */,
				3FC1401420CAF8D5009D6196 /* Main.storyboard */,
				B60261E420CEA1C000FBA070 /* sight.png */,
				3FC1401720CAF8D6009D6196 /* Assets.xcassets */,
				3FC1401920CAF8D6009D6196 /* LaunchScreen.storyboard */,
				3FC1401C20CAF8D6009D6196 /* Info.plist */,
				CE3B2E1720CE6DC600A5BF0C /* GoogleService-Info.plist */,
				CEFAB39320D0491100B88DF3 /* UserViewController.swift */,
			);
			path = "Air Defence";
			sourceTree = "<group>";
		};
/* End PBXGroup section */

/* Begin PBXNativeTarget section */
		3FC1400A20CAF8D5009D6196 /* Air Defence */ = {
			isa = PBXNativeTarget;
			buildConfigurationList = 3FC1401F20CAF8D6009D6196 /* Build configuration list for PBXNativeTarget "Air Defence" */;
			buildPhases = (
				4763CA15109881DFB817AD03 /* [CP] Check Pods Manifest.lock */,
				3FC1400720CAF8D5009D6196 /* Sources */,
				3FC1400820CAF8D5009D6196 /* Frameworks */,
				3FC1400920CAF8D5009D6196 /* Resources */,
				6D4D8B35AE78A7369189E4DD /* [CP] Embed Pods Frameworks */,
			);
			buildRules = (
			);
			dependencies = (
			);
			name = "Air Defence";
			productName = "Air Defence";
			productReference = 3FC1400B20CAF8D5009D6196 /* Air Defence.app */;
			productType = "com.apple.product-type.application";
		};
/* End PBXNativeTarget section */

/* Begin PBXProject section */
		3FC1400320CAF8D5009D6196 /* Project object */ = {
			isa = PBXProject;
			attributes = {
				LastSwiftUpdateCheck = 0940;
				LastUpgradeCheck = 0940;
				ORGANIZATIONNAME = NTU;
				TargetAttributes = {
					3FC1400A20CAF8D5009D6196 = {
						CreatedOnToolsVersion = 9.4;
					};
				};
			};
			buildConfigurationList = 3FC1400620CAF8D5009D6196 /* Build configuration list for PBXProject "Air Defence" */;
			compatibilityVersion = "Xcode 9.3";
			developmentRegion = en;
			hasScannedForEncodings = 0;
			knownRegions = (
				en,
				Base,
			);
			mainGroup = 3FC1400220CAF8D5009D6196;
			productRefGroup = 3FC1400C20CAF8D5009D6196 /* Products */;
			projectDirPath = "";
			projectRoot = "";
			targets = (
				3FC1400A20CAF8D5009D6196 /* Air Defence */,
			);
		};
/* End PBXProject section */

/* Begin PBXResourcesBuildPhase section */
		3FC1400920CAF8D5009D6196 /* Resources */ = {
			isa = PBXResourcesBuildPhase;
			buildActionMask = 2147483647;
			files = (
				3FAEB19F20CC88CC00F0EE9B /* Sounds in Resources */,
				B60261E520CEA1C000FBA070 /* sight.png in Resources */,
				3FC1401120CAF8D5009D6196 /* art.scnassets in Resources */,
				3FC1401B20CAF8D6009D6196 /* LaunchScreen.storyboard in Resources */,
				3FC1401820CAF8D6009D6196 /* Assets.xcassets in Resources */,
				3FC1401620CAF8D5009D6196 /* Main.storyboard in Resources */,
				CE3B2E1820CE6DC600A5BF0C /* GoogleService-Info.plist in Resources */,
			);
			runOnlyForDeploymentPostprocessing = 0;
		};
/* End PBXResourcesBuildPhase section */

/* Begin PBXShellScriptBuildPhase section */
		4763CA15109881DFB817AD03 /* [CP] Check Pods Manifest.lock */ = {
			isa = PBXShellScriptBuildPhase;
			buildActionMask = 2147483647;
			files = (
			);
			inputPaths = (
				"${PODS_PODFILE_DIR_PATH}/Podfile.lock",
				"${PODS_ROOT}/Manifest.lock",
			);
			name = "[CP] Check Pods Manifest.lock";
			outputPaths = (
				"$(DERIVED_FILE_DIR)/Pods-Air Defence-checkManifestLockResult.txt",
			);
			runOnlyForDeploymentPostprocessing = 0;
			shellPath = /bin/sh;
			shellScript = "diff \"${PODS_PODFILE_DIR_PATH}/Podfile.lock\" \"${PODS_ROOT}/Manifest.lock\" > /dev/null\nif [ $? != 0 ] ; then\n    # print error to STDERR\n    echo \"error: The sandbox is not in sync with the Podfile.lock. Run 'pod install' or update your CocoaPods installation.\" >&2\n    exit 1\nfi\n# This output is used by Xcode 'outputs' to avoid re-running this script phase.\necho \"SUCCESS\" > \"${SCRIPT_OUTPUT_FILE_0}\"\n";
			showEnvVarsInLog = 0;
		};
		6D4D8B35AE78A7369189E4DD /* [CP] Embed Pods Frameworks */ = {
			isa = PBXShellScriptBuildPhase;
			buildActionMask = 2147483647;
			files = (
			);
			inputPaths = (
				"${SRCROOT}/Pods/Target Support Files/Pods-Air Defence/Pods-Air Defence-frameworks.sh",
				"${BUILT_PRODUCTS_DIR}/Bolts/Bolts.framework",
				"${BUILT_PRODUCTS_DIR}/FBSDKCoreKit/FBSDKCoreKit.framework",
				"${BUILT_PRODUCTS_DIR}/FBSDKLoginKit/FBSDKLoginKit.framework",
				"${BUILT_PRODUCTS_DIR}/GoogleToolboxForMac/GoogleToolboxForMac.framework",
				"${BUILT_PRODUCTS_DIR}/leveldb-library/leveldb.framework",
				"${BUILT_PRODUCTS_DIR}/nanopb/nanopb.framework",
			);
			name = "[CP] Embed Pods Frameworks";
			outputPaths = (
				"${TARGET_BUILD_DIR}/${FRAMEWORKS_FOLDER_PATH}/Bolts.framework",
				"${TARGET_BUILD_DIR}/${FRAMEWORKS_FOLDER_PATH}/FBSDKCoreKit.framework",
				"${TARGET_BUILD_DIR}/${FRAMEWORKS_FOLDER_PATH}/FBSDKLoginKit.framework",
				"${TARGET_BUILD_DIR}/${FRAMEWORKS_FOLDER_PATH}/GoogleToolboxForMac.framework",
				"${TARGET_BUILD_DIR}/${FRAMEWORKS_FOLDER_PATH}/leveldb.framework",
				"${TARGET_BUILD_DIR}/${FRAMEWORKS_FOLDER_PATH}/nanopb.framework",
			);
			runOnlyForDeploymentPostprocessing = 0;
			shellPath = /bin/sh;
			shellScript = "\"${SRCROOT}/Pods/Target Support Files/Pods-Air Defence/Pods-Air Defence-frameworks.sh\"\n";
			showEnvVarsInLog = 0;
		};
/* End PBXShellScriptBuildPhase section */

/* Begin PBXSourcesBuildPhase section */
		3FC1400720CAF8D5009D6196 /* Sources */ = {
			isa = PBXSourcesBuildPhase;
			buildActionMask = 2147483647;
			files = (
				3FB42D9720CC2E1C00E3AE01 /* Projectile.swift in Sources */,
				CEFAB39420D0491100B88DF3 /* UserViewController.swift in Sources */,
				3FB42D9920CC30A700E3AE01 /* Entity.swift in Sources */,
				3FF43BF220D01DFD00EA2D55 /* Flare.swift in Sources */,
				3FC1401320CAF8D5009D6196 /* ViewController.swift in Sources */,
				3FC1400F20CAF8D5009D6196 /* AppDelegate.swift in Sources */,
				3FC1402520CB06F0009D6196 /* EnemyShip.swift in Sources */,
				CE3B2E1620CE646100A5BF0C /* OverlayScene.swift in Sources */,
				CEFAB39020D034A000B88DF3 /* RankTableViewController.swift in Sources */,
			);
			runOnlyForDeploymentPostprocessing = 0;
		};
/* End PBXSourcesBuildPhase section */

/* Begin PBXVariantGroup section */
		3FC1401420CAF8D5009D6196 /* Main.storyboard */ = {
			isa = PBXVariantGroup;
			children = (
				3FC1401520CAF8D5009D6196 /* Base */,
			);
			name = Main.storyboard;
			sourceTree = "<group>";
		};
		3FC1401920CAF8D6009D6196 /* LaunchScreen.storyboard */ = {
			isa = PBXVariantGroup;
			children = (
				3FC1401A20CAF8D6009D6196 /* Base */,
			);
			name = LaunchScreen.storyboard;
			sourceTree = "<group>";
		};
/* End PBXVariantGroup section */

/* Begin XCBuildConfiguration section */
		3FC1401D20CAF8D6009D6196 /* Debug */ = {
			isa = XCBuildConfiguration;
			buildSettings = {
				ALWAYS_SEARCH_USER_PATHS = NO;
				CLANG_ANALYZER_NONNULL = YES;
				CLANG_ANALYZER_NUMBER_OBJECT_CONVERSION = YES_AGGRESSIVE;
				CLANG_CXX_LANGUAGE_STANDARD = "gnu++14";
				CLANG_CXX_LIBRARY = "libc++";
				CLANG_ENABLE_MODULES = YES;
				CLANG_ENABLE_OBJC_ARC = YES;
				CLANG_ENABLE_OBJC_WEAK = YES;
				CLANG_WARN_BLOCK_CAPTURE_AUTORELEASING = YES;
				CLANG_WARN_BOOL_CONVERSION = YES;
				CLANG_WARN_COMMA = YES;
				CLANG_WARN_CONSTANT_CONVERSION = YES;
				CLANG_WARN_DEPRECATED_OBJC_IMPLEMENTATIONS = YES;
				CLANG_WARN_DIRECT_OBJC_ISA_USAGE = YES_ERROR;
				CLANG_WARN_DOCUMENTATION_COMMENTS = YES;
				CLANG_WARN_EMPTY_BODY = YES;
				CLANG_WARN_ENUM_CONVERSION = YES;
				CLANG_WARN_INFINITE_RECURSION = YES;
				CLANG_WARN_INT_CONVERSION = YES;
				CLANG_WARN_NON_LITERAL_NULL_CONVERSION = YES;
				CLANG_WARN_OBJC_IMPLICIT_RETAIN_SELF = YES;
				CLANG_WARN_OBJC_LITERAL_CONVERSION = YES;
				CLANG_WARN_OBJC_ROOT_CLASS = YES_ERROR;
				CLANG_WARN_RANGE_LOOP_ANALYSIS = YES;
				CLANG_WARN_STRICT_PROTOTYPES = YES;
				CLANG_WARN_SUSPICIOUS_MOVE = YES;
				CLANG_WARN_UNGUARDED_AVAILABILITY = YES_AGGRESSIVE;
				CLANG_WARN_UNREACHABLE_CODE = YES;
				CLANG_WARN__DUPLICATE_METHOD_MATCH = YES;
				CODE_SIGN_IDENTITY = "iPhone Developer";
				COPY_PHASE_STRIP = NO;
				DEBUG_INFORMATION_FORMAT = dwarf;
				ENABLE_STRICT_OBJC_MSGSEND = YES;
				ENABLE_TESTABILITY = YES;
				GCC_C_LANGUAGE_STANDARD = gnu11;
				GCC_DYNAMIC_NO_PIC = NO;
				GCC_NO_COMMON_BLOCKS = YES;
				GCC_OPTIMIZATION_LEVEL = 0;
				GCC_PREPROCESSOR_DEFINITIONS = (
					"DEBUG=1",
					"$(inherited)",
				);
				GCC_WARN_64_TO_32_BIT_CONVERSION = YES;
				GCC_WARN_ABOUT_RETURN_TYPE = YES_ERROR;
				GCC_WARN_UNDECLARED_SELECTOR = YES;
				GCC_WARN_UNINITIALIZED_AUTOS = YES_AGGRESSIVE;
				GCC_WARN_UNUSED_FUNCTION = YES;
				GCC_WARN_UNUSED_VARIABLE = YES;
				IPHONEOS_DEPLOYMENT_TARGET = 11.4;
				MTL_ENABLE_DEBUG_INFO = YES;
				ONLY_ACTIVE_ARCH = YES;
				SDKROOT = iphoneos;
				SWIFT_ACTIVE_COMPILATION_CONDITIONS = DEBUG;
				SWIFT_OPTIMIZATION_LEVEL = "-Onone";
			};
			name = Debug;
		};
		3FC1401E20CAF8D6009D6196 /* Release */ = {
			isa = XCBuildConfiguration;
			buildSettings = {
				ALWAYS_SEARCH_USER_PATHS = NO;
				CLANG_ANALYZER_NONNULL = YES;
				CLANG_ANALYZER_NUMBER_OBJECT_CONVERSION = YES_AGGRESSIVE;
				CLANG_CXX_LANGUAGE_STANDARD = "gnu++14";
				CLANG_CXX_LIBRARY = "libc++";
				CLANG_ENABLE_MODULES = YES;
				CLANG_ENABLE_OBJC_ARC = YES;
				CLANG_ENABLE_OBJC_WEAK = YES;
				CLANG_WARN_BLOCK_CAPTURE_AUTORELEASING = YES;
				CLANG_WARN_BOOL_CONVERSION = YES;
				CLANG_WARN_COMMA = YES;
				CLANG_WARN_CONSTANT_CONVERSION = YES;
				CLANG_WARN_DEPRECATED_OBJC_IMPLEMENTATIONS = YES;
				CLANG_WARN_DIRECT_OBJC_ISA_USAGE = YES_ERROR;
				CLANG_WARN_DOCUMENTATION_COMMENTS = YES;
				CLANG_WARN_EMPTY_BODY = YES;
				CLANG_WARN_ENUM_CONVERSION = YES;
				CLANG_WARN_INFINITE_RECURSION = YES;
				CLANG_WARN_INT_CONVERSION = YES;
				CLANG_WARN_NON_LITERAL_NULL_CONVERSION = YES;
				CLANG_WARN_OBJC_IMPLICIT_RETAIN_SELF = YES;
				CLANG_WARN_OBJC_LITERAL_CONVERSION = YES;
				CLANG_WARN_OBJC_ROOT_CLASS = YES_ERROR;
				CLANG_WARN_RANGE_LOOP_ANALYSIS = YES;
				CLANG_WARN_STRICT_PROTOTYPES = YES;
				CLANG_WARN_SUSPICIOUS_MOVE = YES;
				CLANG_WARN_UNGUARDED_AVAILABILITY = YES_AGGRESSIVE;
				CLANG_WARN_UNREACHABLE_CODE = YES;
				CLANG_WARN__DUPLICATE_METHOD_MATCH = YES;
				CODE_SIGN_IDENTITY = "iPhone Developer";
				COPY_PHASE_STRIP = NO;
				DEBUG_INFORMATION_FORMAT = "dwarf-with-dsym";
				ENABLE_NS_ASSERTIONS = NO;
				ENABLE_STRICT_OBJC_MSGSEND = YES;
				GCC_C_LANGUAGE_STANDARD = gnu11;
				GCC_NO_COMMON_BLOCKS = YES;
				GCC_WARN_64_TO_32_BIT_CONVERSION = YES;
				GCC_WARN_ABOUT_RETURN_TYPE = YES_ERROR;
				GCC_WARN_UNDECLARED_SELECTOR = YES;
				GCC_WARN_UNINITIALIZED_AUTOS = YES_AGGRESSIVE;
				GCC_WARN_UNUSED_FUNCTION = YES;
				GCC_WARN_UNUSED_VARIABLE = YES;
				IPHONEOS_DEPLOYMENT_TARGET = 11.4;
				MTL_ENABLE_DEBUG_INFO = NO;
				SDKROOT = iphoneos;
				SWIFT_COMPILATION_MODE = wholemodule;
				SWIFT_OPTIMIZATION_LEVEL = "-O";
				VALIDATE_PRODUCT = YES;
			};
			name = Release;
		};
		3FC1402020CAF8D6009D6196 /* Debug */ = {
			isa = XCBuildConfiguration;
			baseConfigurationReference = C3F8FB64A38D5026FB8112AB /* Pods-Air Defence.debug.xcconfig */;
			buildSettings = {
				ASSETCATALOG_COMPILER_APPICON_NAME = AppIcon;
				CODE_SIGN_STYLE = Automatic;
				DEVELOPMENT_TEAM = 76794A944C;
				INFOPLIST_FILE = "Air Defence/Info.plist";
				IPHONEOS_DEPLOYMENT_TARGET = 11.3;
				LD_RUNPATH_SEARCH_PATHS = (
					"$(inherited)",
					"@executable_path/Frameworks",
				);
				PRODUCT_BUNDLE_IDENTIFIER = "tw.edu.ntu.Air-Defence";
				PRODUCT_NAME = "$(TARGET_NAME)";
				SWIFT_VERSION = 4.0;
				TARGETED_DEVICE_FAMILY = "1,2";
			};
			name = Debug;
		};
		3FC1402120CAF8D6009D6196 /* Release */ = {
			isa = XCBuildConfiguration;
			baseConfigurationReference = 7DDCDD8003BBA1F89E598DE1 /* Pods-Air Defence.release.xcconfig */;
			buildSettings = {
				ASSETCATALOG_COMPILER_APPICON_NAME = AppIcon;
				CODE_SIGN_STYLE = Automatic;
				DEVELOPMENT_TEAM = B34533U9Q2;
				INFOPLIST_FILE = "Air Defence/Info.plist";
				IPHONEOS_DEPLOYMENT_TARGET = 11.3;
				LD_RUNPATH_SEARCH_PATHS = (
					"$(inherited)",
					"@executable_path/Frameworks",
				);
				PRODUCT_BUNDLE_IDENTIFIER = "tw.edu.ntu.Air-Defence";
				PRODUCT_NAME = "$(TARGET_NAME)";
				SWIFT_VERSION = 4.0;
				TARGETED_DEVICE_FAMILY = "1,2";
			};
			name = Release;
		};
/* End XCBuildConfiguration section */

/* Begin XCConfigurationList section */
		3FC1400620CAF8D5009D6196 /* Build configuration list for PBXProject "Air Defence" */ = {
			isa = XCConfigurationList;
			buildConfigurations = (
				3FC1401D20CAF8D6009D6196 /* Debug */,
				3FC1401E20CAF8D6009D6196 /* Release */,
			);
			defaultConfigurationIsVisible = 0;
			defaultConfigurationName = Release;
		};
		3FC1401F20CAF8D6009D6196 /* Build configuration list for PBXNativeTarget "Air Defence" */ = {
			isa = XCConfigurationList;
			buildConfigurations = (
				3FC1402020CAF8D6009D6196 /* Debug */,
				3FC1402120CAF8D6009D6196 /* Release */,
			);
			defaultConfigurationIsVisible = 0;
			defaultConfigurationName = Release;
		};
/* End XCConfigurationList section */
	};
	rootObject = 3FC1400320CAF8D5009D6196 /* Project object */;
}
